
Microsoft Visual Studio Solution File, Format Version 12.00
# Visual Studio 2012
Project("{FAE04EC0-301F-11D3-BF4B-00C04F79EFBC}") = "robotControll", "robotControll\robotControll.csproj", "{5433D22F-51BB-412E-9394-01DFB45F7184}"
EndProject
Global
	GlobalSection(SolutionConfigurationPlatforms) = preSolution
		Debug|iPhoneSimulator = Debug|iPhoneSimulator
		Release|iPhone = Release|iPhone
		Release|iPhoneSimulator = Release|iPhoneSimulator
		Debug|iPhone = Debug|iPhone
	EndGlobalSection
	GlobalSection(ProjectConfigurationPlatforms) = postSolution
		{5433D22F-51BB-412E-9394-01DFB45F7184}.Debug|iPhone.ActiveCfg = Debug|iPhone
		{5433D22F-51BB-412E-9394-01DFB45F7184}.Debug|iPhone.Build.0 = Debug|iPhone
		{5433D22F-51BB-412E-9394-01DFB45F7184}.Debug|iPhoneSimulator.ActiveCfg = Debug|iPhoneSimulator
		{5433D22F-51BB-412E-9394-01DFB45F7184}.Debug|iPhoneSimulator.Build.0 = Debug|iPhoneSimulator
		{5433D22F-51BB-412E-9394-01DFB45F7184}.Release|iPhone.ActiveCfg = Release|iPhone
		{5433D22F-51BB-412E-9394-01DFB45F7184}.Release|iPhone.Build.0 = Release|iPhone
		{5433D22F-51BB-412E-9394-01DFB45F7184}.Release|iPhoneSimulator.ActiveCfg = Release|iPhoneSimulator
		{5433D22F-51BB-412E-9394-01DFB45F7184}.Release|iPhoneSimulator.Build.0 = Release|iPhoneSimulator
	EndGlobalSection
EndGlobal
